
Microsoft Visual Studio Solution File, Format Version 12.00
# Visual Studio Version 17
VisualStudioVersion = 17.9.34723.18
MinimumVisualStudioVersion = 10.0.40219.1
Project("{9A19103F-16F7-4668-BE54-9A1E7A4F7556}") = "BaseCore.DAL.Implementations", "DataCore\BaseCore.DAL.Implementations.csproj", "{5B28D201-5D4F-40BA-8254-52E8D1DC58A1}"
EndProject
Project("{9A19103F-16F7-4668-BE54-9A1E7A4F7556}") = "WebApi", "WebApi\WebApi.csproj", "{F8FCA297-EEB3-4227-875A-D365690A2722}"
EndProject
Project("{2150E333-8FDC-42A3-9474-1A3956D46DE8}") = "src", "src", "{F0706EA9-62BC-4803-A77B-7CC38000C540}"
EndProject
Project("{2150E333-8FDC-42A3-9474-1A3956D46DE8}") = "test", "test", "{7B6F6491-8948-44B4-9B39-EEE3AEC244CF}"
EndProject
Project("{9A19103F-16F7-4668-BE54-9A1E7A4F7556}") = "BackendTest", "BakcendTest\BackendTest.csproj", "{FF3F61AA-7D86-4FF7-9364-EDB52CE0297B}"
EndProject
Project("{9A19103F-16F7-4668-BE54-9A1E7A4F7556}") = "OneAssIntegration", "OneAssIntegration\OneAssIntegration.csproj", "{A1847D7F-18BE-4C00-A792-D7597E20A671}"
EndProject
Project("{9A19103F-16F7-4668-BE54-9A1E7A4F7556}") = "BaseCore.DAL.Abstractions", "BaseCore.DAL.Abstractions\BaseCore.DAL.Abstractions.csproj", "{2464757B-43F9-495E-96E2-01D29DAF567A}"
EndProject
Project("{9A19103F-16F7-4668-BE54-9A1E7A4F7556}") = "BaseCore.File", "BaseCore.File\BaseCore.File.csproj", "{A8D8FC42-2C66-4DDD-BDB8-208ACF6AB4C4}"
EndProject
Project("{9A19103F-16F7-4668-BE54-9A1E7A4F7556}") = "BaseCore.Products.Implementations", "BaseCore.Product.Implementations\BaseCore.Products.Implementations.csproj", "{53247D23-C358-49F4-B303-211DFBD87C69}"
EndProject
Project("{9A19103F-16F7-4668-BE54-9A1E7A4F7556}") = "BaseCore.Documents.Implementations", "BaseCore.Documents.Implementations\BaseCore.Documents.Implementations.csproj", "{49E7202B-7A41-4D52-A561-C9A1CCADC9F4}"
EndProject
Project("{9A19103F-16F7-4668-BE54-9A1E7A4F7556}") = "BaseCore.News", "BaseCore.News\BaseCore.News.csproj", "{9B9C3C34-8F31-48F6-B9EA-78BADF09AFCB}"
EndProject
Project("{9A19103F-16F7-4668-BE54-9A1E7A4F7556}") = "BaseCore.Catalogues", "BaseCore.Catalogues\BaseCore.Catalogues.csproj", "{5FAB718E-F07C-4EC6-ABE5-7A19C2159CEA}"
EndProject
Project("{9A19103F-16F7-4668-BE54-9A1E7A4F7556}") = "BaseCore.Documents.Abstractions", "BaseCore.Documents.Abstractions\BaseCore.Documents.Abstractions.csproj", "{668DF861-712F-4B5E-8DF1-60CAD7F81970}"
EndProject
Project("{9A19103F-16F7-4668-BE54-9A1E7A4F7556}") = "BaseCore.Products.Abstractions", "BaseCore.Products.Abstractions\BaseCore.Products.Abstractions.csproj", "{BFEBD6EB-3682-4587-9C98-FBF031BC958C}"
EndProject
Global
	GlobalSection(SolutionConfigurationPlatforms) = preSolution
		Debug|Any CPU = Debug|Any CPU
		Release|Any CPU = Release|Any CPU
	EndGlobalSection
	GlobalSection(ProjectConfigurationPlatforms) = postSolution
		{5B28D201-5D4F-40BA-8254-52E8D1DC58A1}.Debug|Any CPU.ActiveCfg = Debug|Any CPU
		{5B28D201-5D4F-40BA-8254-52E8D1DC58A1}.Debug|Any CPU.Build.0 = Debug|Any CPU
		{5B28D201-5D4F-40BA-8254-52E8D1DC58A1}.Release|Any CPU.ActiveCfg = Release|Any CPU
		{5B28D201-5D4F-40BA-8254-52E8D1DC58A1}.Release|Any CPU.Build.0 = Release|Any CPU
		{F8FCA297-EEB3-4227-875A-D365690A2722}.Debug|Any CPU.ActiveCfg = Debug|Any CPU
		{F8FCA297-EEB3-4227-875A-D365690A2722}.Debug|Any CPU.Build.0 = Debug|Any CPU
		{F8FCA297-EEB3-4227-875A-D365690A2722}.Release|Any CPU.ActiveCfg = Release|Any CPU
		{F8FCA297-EEB3-4227-875A-D365690A2722}.Release|Any CPU.Build.0 = Release|Any CPU
		{FF3F61AA-7D86-4FF7-9364-EDB52CE0297B}.Debug|Any CPU.ActiveCfg = Debug|Any CPU
		{FF3F61AA-7D86-4FF7-9364-EDB52CE0297B}.Debug|Any CPU.Build.0 = Debug|Any CPU
		{FF3F61AA-7D86-4FF7-9364-EDB52CE0297B}.Release|Any CPU.ActiveCfg = Release|Any CPU
		{FF3F61AA-7D86-4FF7-9364-EDB52CE0297B}.Release|Any CPU.Build.0 = Release|Any CPU
		{A1847D7F-18BE-4C00-A792-D7597E20A671}.Debug|Any CPU.ActiveCfg = Debug|Any CPU
		{A1847D7F-18BE-4C00-A792-D7597E20A671}.Debug|Any CPU.Build.0 = Debug|Any CPU
		{A1847D7F-18BE-4C00-A792-D7597E20A671}.Release|Any CPU.ActiveCfg = Release|Any CPU
		{A1847D7F-18BE-4C00-A792-D7597E20A671}.Release|Any CPU.Build.0 = Release|Any CPU
		{2464757B-43F9-495E-96E2-01D29DAF567A}.Debug|Any CPU.ActiveCfg = Debug|Any CPU
		{2464757B-43F9-495E-96E2-01D29DAF567A}.Debug|Any CPU.Build.0 = Debug|Any CPU
		{2464757B-43F9-495E-96E2-01D29DAF567A}.Release|Any CPU.ActiveCfg = Release|Any CPU
		{2464757B-43F9-495E-96E2-01D29DAF567A}.Release|Any CPU.Build.0 = Release|Any CPU
		{A8D8FC42-2C66-4DDD-BDB8-208ACF6AB4C4}.Debug|Any CPU.ActiveCfg = Debug|Any CPU
		{A8D8FC42-2C66-4DDD-BDB8-208ACF6AB4C4}.Debug|Any CPU.Build.0 = Debug|Any CPU
		{A8D8FC42-2C66-4DDD-BDB8-208ACF6AB4C4}.Release|Any CPU.ActiveCfg = Release|Any CPU
		{A8D8FC42-2C66-4DDD-BDB8-208ACF6AB4C4}.Release|Any CPU.Build.0 = Release|Any CPU
		{53247D23-C358-49F4-B303-211DFBD87C69}.Debug|Any CPU.ActiveCfg = Debug|Any CPU
		{53247D23-C358-49F4-B303-211DFBD87C69}.Debug|Any CPU.Build.0 = Debug|Any CPU
		{53247D23-C358-49F4-B303-211DFBD87C69}.Release|Any CPU.ActiveCfg = Release|Any CPU
		{53247D23-C358-49F4-B303-211DFBD87C69}.Release|Any CPU.Build.0 = Release|Any CPU
		{49E7202B-7A41-4D52-A561-C9A1CCADC9F4}.Debug|Any CPU.ActiveCfg = Debug|Any CPU
		{49E7202B-7A41-4D52-A561-C9A1CCADC9F4}.Debug|Any CPU.Build.0 = Debug|Any CPU
		{49E7202B-7A41-4D52-A561-C9A1CCADC9F4}.Release|Any CPU.ActiveCfg = Release|Any CPU
		{49E7202B-7A41-4D52-A561-C9A1CCADC9F4}.Release|Any CPU.Build.0 = Release|Any CPU
		{9B9C3C34-8F31-48F6-B9EA-78BADF09AFCB}.Debug|Any CPU.ActiveCfg = Debug|Any CPU
		{9B9C3C34-8F31-48F6-B9EA-78BADF09AFCB}.Debug|Any CPU.Build.0 = Debug|Any CPU
		{9B9C3C34-8F31-48F6-B9EA-78BADF09AFCB}.Release|Any CPU.ActiveCfg = Release|Any CPU
		{9B9C3C34-8F31-48F6-B9EA-78BADF09AFCB}.Release|Any CPU.Build.0 = Release|Any CPU
		{5FAB718E-F07C-4EC6-ABE5-7A19C2159CEA}.Debug|Any CPU.ActiveCfg = Debug|Any CPU
		{5FAB718E-F07C-4EC6-ABE5-7A19C2159CEA}.Debug|Any CPU.Build.0 = Debug|Any CPU
		{5FAB718E-F07C-4EC6-ABE5-7A19C2159CEA}.Release|Any CPU.ActiveCfg = Release|Any CPU
		{5FAB718E-F07C-4EC6-ABE5-7A19C2159CEA}.Release|Any CPU.Build.0 = Release|Any CPU
		{668DF861-712F-4B5E-8DF1-60CAD7F81970}.Debug|Any CPU.ActiveCfg = Debug|Any CPU
		{668DF861-712F-4B5E-8DF1-60CAD7F81970}.Debug|Any CPU.Build.0 = Debug|Any CPU
		{668DF861-712F-4B5E-8DF1-60CAD7F81970}.Release|Any CPU.ActiveCfg = Release|Any CPU
		{668DF861-712F-4B5E-8DF1-60CAD7F81970}.Release|Any CPU.Build.0 = Release|Any CPU
		{BFEBD6EB-3682-4587-9C98-FBF031BC958C}.Debug|Any CPU.ActiveCfg = Debug|Any CPU
		{BFEBD6EB-3682-4587-9C98-FBF031BC958C}.Debug|Any CPU.Build.0 = Debug|Any CPU
		{BFEBD6EB-3682-4587-9C98-FBF031BC958C}.Release|Any CPU.ActiveCfg = Release|Any CPU
		{BFEBD6EB-3682-4587-9C98-FBF031BC958C}.Release|Any CPU.Build.0 = Release|Any CPU
	EndGlobalSection
	GlobalSection(SolutionProperties) = preSolution
		HideSolutionNode = FALSE
	EndGlobalSection
	GlobalSection(NestedProjects) = preSolution
		{5B28D201-5D4F-40BA-8254-52E8D1DC58A1} = {F0706EA9-62BC-4803-A77B-7CC38000C540}
		{F8FCA297-EEB3-4227-875A-D365690A2722} = {F0706EA9-62BC-4803-A77B-7CC38000C540}
		{FF3F61AA-7D86-4FF7-9364-EDB52CE0297B} = {7B6F6491-8948-44B4-9B39-EEE3AEC244CF}
		{A1847D7F-18BE-4C00-A792-D7597E20A671} = {F0706EA9-62BC-4803-A77B-7CC38000C540}
		{2464757B-43F9-495E-96E2-01D29DAF567A} = {F0706EA9-62BC-4803-A77B-7CC38000C540}
		{A8D8FC42-2C66-4DDD-BDB8-208ACF6AB4C4} = {F0706EA9-62BC-4803-A77B-7CC38000C540}
		{53247D23-C358-49F4-B303-211DFBD87C69} = {F0706EA9-62BC-4803-A77B-7CC38000C540}
		{49E7202B-7A41-4D52-A561-C9A1CCADC9F4} = {F0706EA9-62BC-4803-A77B-7CC38000C540}
		{9B9C3C34-8F31-48F6-B9EA-78BADF09AFCB} = {F0706EA9-62BC-4803-A77B-7CC38000C540}
		{5FAB718E-F07C-4EC6-ABE5-7A19C2159CEA} = {F0706EA9-62BC-4803-A77B-7CC38000C540}
		{668DF861-712F-4B5E-8DF1-60CAD7F81970} = {F0706EA9-62BC-4803-A77B-7CC38000C540}
		{BFEBD6EB-3682-4587-9C98-FBF031BC958C} = {F0706EA9-62BC-4803-A77B-7CC38000C540}
	EndGlobalSection
	GlobalSection(ExtensibilityGlobals) = postSolution
		SolutionGuid = {A0BC8E8D-2DC7-4041-A706-D30B4D90C0C7}
	EndGlobalSection
EndGlobal
