
Microsoft Visual Studio Solution File, Format Version 12.00
# Visual Studio Version 16
VisualStudioVersion = 16.0.29324.140
MinimumVisualStudioVersion = 10.0.40219.1
Project("{9A19103F-16F7-4668-BE54-9A1E7A4F7556}") = "BaseCore", "BaseCore\BaseCore.csproj", "{F5DD38D2-2292-4AAA-9435-7C5DBE080DB9}"
EndProject
Project("{9A19103F-16F7-4668-BE54-9A1E7A4F7556}") = "BaseCore.Security", "BaseCore.Security\BaseCore.Security.csproj", "{056EC045-F30C-446A-BE04-4CF9F7A77F40}"
EndProject
Project("{9A19103F-16F7-4668-BE54-9A1E7A4F7556}") = "DataCore", "DataCore\DataCore.csproj", "{5B28D201-5D4F-40BA-8254-52E8D1DC58A1}"
EndProject
Project("{9A19103F-16F7-4668-BE54-9A1E7A4F7556}") = "WebUIClient", "WebUIClient\WebUIClient.csproj", "{9410BD61-6692-48B7-8EB1-AD1ECC0C4D53}"
EndProject
Project("{9A19103F-16F7-4668-BE54-9A1E7A4F7556}") = "WebApi", "WebApi\WebApi.csproj", "{F8FCA297-EEB3-4227-875A-D365690A2722}"
EndProject
Project("{2150E333-8FDC-42A3-9474-1A3956D46DE8}") = "src", "src", "{F0706EA9-62BC-4803-A77B-7CC38000C540}"
EndProject
Project("{2150E333-8FDC-42A3-9474-1A3956D46DE8}") = "test", "test", "{7B6F6491-8948-44B4-9B39-EEE3AEC244CF}"
EndProject
Project("{9A19103F-16F7-4668-BE54-9A1E7A4F7556}") = "BackendTest", "BakcendTest\BackendTest.csproj", "{FF3F61AA-7D86-4FF7-9364-EDB52CE0297B}"
EndProject
Project("{9092AA53-FB77-4645-B42D-1CCCA6BD08BD}") = "WebUIAdmin", "WebUIAdmin\WebUIAdmin.njsproj", "{A231C759-9D85-4464-8317-8448A973E2AC}"
EndProject
Global
	GlobalSection(SolutionConfigurationPlatforms) = preSolution
		Debug|Any CPU = Debug|Any CPU
		Release|Any CPU = Release|Any CPU
	EndGlobalSection
	GlobalSection(ProjectConfigurationPlatforms) = postSolution
		{F5DD38D2-2292-4AAA-9435-7C5DBE080DB9}.Debug|Any CPU.ActiveCfg = Debug|Any CPU
		{F5DD38D2-2292-4AAA-9435-7C5DBE080DB9}.Debug|Any CPU.Build.0 = Debug|Any CPU
		{F5DD38D2-2292-4AAA-9435-7C5DBE080DB9}.Release|Any CPU.ActiveCfg = Release|Any CPU
		{F5DD38D2-2292-4AAA-9435-7C5DBE080DB9}.Release|Any CPU.Build.0 = Release|Any CPU
		{056EC045-F30C-446A-BE04-4CF9F7A77F40}.Debug|Any CPU.ActiveCfg = Debug|Any CPU
		{056EC045-F30C-446A-BE04-4CF9F7A77F40}.Debug|Any CPU.Build.0 = Debug|Any CPU
		{056EC045-F30C-446A-BE04-4CF9F7A77F40}.Release|Any CPU.ActiveCfg = Release|Any CPU
		{056EC045-F30C-446A-BE04-4CF9F7A77F40}.Release|Any CPU.Build.0 = Release|Any CPU
		{5B28D201-5D4F-40BA-8254-52E8D1DC58A1}.Debug|Any CPU.ActiveCfg = Debug|Any CPU
		{5B28D201-5D4F-40BA-8254-52E8D1DC58A1}.Debug|Any CPU.Build.0 = Debug|Any CPU
		{5B28D201-5D4F-40BA-8254-52E8D1DC58A1}.Release|Any CPU.ActiveCfg = Release|Any CPU
		{5B28D201-5D4F-40BA-8254-52E8D1DC58A1}.Release|Any CPU.Build.0 = Release|Any CPU
		{9410BD61-6692-48B7-8EB1-AD1ECC0C4D53}.Debug|Any CPU.ActiveCfg = Debug|Any CPU
		{9410BD61-6692-48B7-8EB1-AD1ECC0C4D53}.Debug|Any CPU.Build.0 = Debug|Any CPU
		{9410BD61-6692-48B7-8EB1-AD1ECC0C4D53}.Release|Any CPU.ActiveCfg = Release|Any CPU
		{9410BD61-6692-48B7-8EB1-AD1ECC0C4D53}.Release|Any CPU.Build.0 = Release|Any CPU
		{F8FCA297-EEB3-4227-875A-D365690A2722}.Debug|Any CPU.ActiveCfg = Debug|Any CPU
		{F8FCA297-EEB3-4227-875A-D365690A2722}.Debug|Any CPU.Build.0 = Debug|Any CPU
		{F8FCA297-EEB3-4227-875A-D365690A2722}.Release|Any CPU.ActiveCfg = Release|Any CPU
		{F8FCA297-EEB3-4227-875A-D365690A2722}.Release|Any CPU.Build.0 = Release|Any CPU
		{FF3F61AA-7D86-4FF7-9364-EDB52CE0297B}.Debug|Any CPU.ActiveCfg = Debug|Any CPU
		{FF3F61AA-7D86-4FF7-9364-EDB52CE0297B}.Debug|Any CPU.Build.0 = Debug|Any CPU
		{FF3F61AA-7D86-4FF7-9364-EDB52CE0297B}.Release|Any CPU.ActiveCfg = Release|Any CPU
		{FF3F61AA-7D86-4FF7-9364-EDB52CE0297B}.Release|Any CPU.Build.0 = Release|Any CPU
		{A231C759-9D85-4464-8317-8448A973E2AC}.Debug|Any CPU.ActiveCfg = Debug|Any CPU
		{A231C759-9D85-4464-8317-8448A973E2AC}.Debug|Any CPU.Build.0 = Debug|Any CPU
		{A231C759-9D85-4464-8317-8448A973E2AC}.Release|Any CPU.ActiveCfg = Release|Any CPU
		{A231C759-9D85-4464-8317-8448A973E2AC}.Release|Any CPU.Build.0 = Release|Any CPU
	EndGlobalSection
	GlobalSection(SolutionProperties) = preSolution
		HideSolutionNode = FALSE
	EndGlobalSection
	GlobalSection(NestedProjects) = preSolution
		{F5DD38D2-2292-4AAA-9435-7C5DBE080DB9} = {F0706EA9-62BC-4803-A77B-7CC38000C540}
		{056EC045-F30C-446A-BE04-4CF9F7A77F40} = {F0706EA9-62BC-4803-A77B-7CC38000C540}
		{5B28D201-5D4F-40BA-8254-52E8D1DC58A1} = {F0706EA9-62BC-4803-A77B-7CC38000C540}
		{9410BD61-6692-48B7-8EB1-AD1ECC0C4D53} = {F0706EA9-62BC-4803-A77B-7CC38000C540}
		{F8FCA297-EEB3-4227-875A-D365690A2722} = {F0706EA9-62BC-4803-A77B-7CC38000C540}
		{FF3F61AA-7D86-4FF7-9364-EDB52CE0297B} = {7B6F6491-8948-44B4-9B39-EEE3AEC244CF}
		{A231C759-9D85-4464-8317-8448A973E2AC} = {F0706EA9-62BC-4803-A77B-7CC38000C540}
	EndGlobalSection
	GlobalSection(ExtensibilityGlobals) = postSolution
		SolutionGuid = {A0BC8E8D-2DC7-4041-A706-D30B4D90C0C7}
	EndGlobalSection
EndGlobal
