
Microsoft Visual Studio Solution File, Format Version 12.00
# Visual Studio 15
VisualStudioVersion = 15.0.27130.2036
MinimumVisualStudioVersion = 10.0.40219.1
Project("{9A19103F-16F7-4668-BE54-9A1E7A4F7556}") = "BaseCore", "BaseCore\BaseCore.csproj", "{F5DD38D2-2292-4AAA-9435-7C5DBE080DB9}"
EndProject
Project("{9A19103F-16F7-4668-BE54-9A1E7A4F7556}") = "BaseCore.Security", "BaseCore.Security\BaseCore.Security.csproj", "{056EC045-F30C-446A-BE04-4CF9F7A77F40}"
EndProject
Project("{9A19103F-16F7-4668-BE54-9A1E7A4F7556}") = "DataCore", "DataCore\DataCore.csproj", "{5B28D201-5D4F-40BA-8254-52E8D1DC58A1}"
EndProject
Project("{9A19103F-16F7-4668-BE54-9A1E7A4F7556}") = "WebUiAdmin", "WebUiAdmin\WebUiAdmin.csproj", "{0183829E-35F5-40BD-9B44-0401BD49C780}"
EndProject
Project("{9A19103F-16F7-4668-BE54-9A1E7A4F7556}") = "WebUiClient", "WebUiClient\WebUiClient.csproj", "{298EAA8C-134A-48D6-8489-B73A74C77A90}"
EndProject
Global
	GlobalSection(SolutionConfigurationPlatforms) = preSolution
		Debug|Any CPU = Debug|Any CPU
		Release|Any CPU = Release|Any CPU
	EndGlobalSection
	GlobalSection(ProjectConfigurationPlatforms) = postSolution
		{F5DD38D2-2292-4AAA-9435-7C5DBE080DB9}.Debug|Any CPU.ActiveCfg = Debug|Any CPU
		{F5DD38D2-2292-4AAA-9435-7C5DBE080DB9}.Debug|Any CPU.Build.0 = Debug|Any CPU
		{F5DD38D2-2292-4AAA-9435-7C5DBE080DB9}.Release|Any CPU.ActiveCfg = Release|Any CPU
		{F5DD38D2-2292-4AAA-9435-7C5DBE080DB9}.Release|Any CPU.Build.0 = Release|Any CPU
		{056EC045-F30C-446A-BE04-4CF9F7A77F40}.Debug|Any CPU.ActiveCfg = Debug|Any CPU
		{056EC045-F30C-446A-BE04-4CF9F7A77F40}.Debug|Any CPU.Build.0 = Debug|Any CPU
		{056EC045-F30C-446A-BE04-4CF9F7A77F40}.Release|Any CPU.ActiveCfg = Release|Any CPU
		{056EC045-F30C-446A-BE04-4CF9F7A77F40}.Release|Any CPU.Build.0 = Release|Any CPU
		{5B28D201-5D4F-40BA-8254-52E8D1DC58A1}.Debug|Any CPU.ActiveCfg = Debug|Any CPU
		{5B28D201-5D4F-40BA-8254-52E8D1DC58A1}.Debug|Any CPU.Build.0 = Debug|Any CPU
		{5B28D201-5D4F-40BA-8254-52E8D1DC58A1}.Release|Any CPU.ActiveCfg = Release|Any CPU
		{5B28D201-5D4F-40BA-8254-52E8D1DC58A1}.Release|Any CPU.Build.0 = Release|Any CPU
		{0183829E-35F5-40BD-9B44-0401BD49C780}.Debug|Any CPU.ActiveCfg = Debug|Any CPU
		{0183829E-35F5-40BD-9B44-0401BD49C780}.Debug|Any CPU.Build.0 = Debug|Any CPU
		{0183829E-35F5-40BD-9B44-0401BD49C780}.Release|Any CPU.ActiveCfg = Release|Any CPU
		{0183829E-35F5-40BD-9B44-0401BD49C780}.Release|Any CPU.Build.0 = Release|Any CPU
		{298EAA8C-134A-48D6-8489-B73A74C77A90}.Debug|Any CPU.ActiveCfg = Debug|Any CPU
		{298EAA8C-134A-48D6-8489-B73A74C77A90}.Debug|Any CPU.Build.0 = Debug|Any CPU
		{298EAA8C-134A-48D6-8489-B73A74C77A90}.Release|Any CPU.ActiveCfg = Release|Any CPU
		{298EAA8C-134A-48D6-8489-B73A74C77A90}.Release|Any CPU.Build.0 = Release|Any CPU
	EndGlobalSection
	GlobalSection(SolutionProperties) = preSolution
		HideSolutionNode = FALSE
	EndGlobalSection
	GlobalSection(ExtensibilityGlobals) = postSolution
		SolutionGuid = {A0BC8E8D-2DC7-4041-A706-D30B4D90C0C7}
	EndGlobalSection
EndGlobal
